// !$*UTF8*$!
{
	archiveVersion = 1;
	classes = {
	};
	objectVersion = 46;
	objects = {

/* Begin PBXBuildFile section */
		628F93A5199E6167009EDE38 /* Backgroundimage.jpeg in Resources */ = {isa = PBXBuildFile; fileRef = 628F93A3199E6167009EDE38 /* Backgroundimage.jpeg */; };
		62911C8A199D021D0032827F /* Foundation.framework in Frameworks */ = {isa = PBXBuildFile; fileRef = 62911C89199D021D0032827F /* Foundation.framework */; };
		62911C8C199D021D0032827F /* CoreGraphics.framework in Frameworks */ = {isa = PBXBuildFile; fileRef = 62911C8B199D021D0032827F /* CoreGraphics.framework */; };
		62911C8E199D021D0032827F /* UIKit.framework in Frameworks */ = {isa = PBXBuildFile; fileRef = 62911C8D199D021D0032827F /* UIKit.framework */; };
		62911C94199D021D0032827F /* InfoPlist.strings in Resources */ = {isa = PBXBuildFile; fileRef = 62911C92199D021D0032827F /* InfoPlist.strings */; };
		62911C96199D021D0032827F /* main.m in Sources */ = {isa = PBXBuildFile; fileRef = 62911C95199D021D0032827F /* main.m */; };
		62911C9A199D021D0032827F /* AppDelegate.m in Sources */ = {isa = PBXBuildFile; fileRef = 62911C99199D021D0032827F /* AppDelegate.m */; };
		62911C9D199D021D0032827F /* Main.storyboard in Resources */ = {isa = PBXBuildFile; fileRef = 62911C9B199D021D0032827F /* Main.storyboard */; };
		62911CA0199D021D0032827F /* ViewController.m in Sources */ = {isa = PBXBuildFile; fileRef = 62911C9F199D021D0032827F /* ViewController.m */; };
		62911CA2199D021D0032827F /* Images.xcassets in Resources */ = {isa = PBXBuildFile; fileRef = 62911CA1199D021D0032827F /* Images.xcassets */; };
		62911CA9199D021D0032827F /* XCTest.framework in Frameworks */ = {isa = PBXBuildFile; fileRef = 62911CA8199D021D0032827F /* XCTest.framework */; };
		62911CAA199D021D0032827F /* Foundation.framework in Frameworks */ = {isa = PBXBuildFile; fileRef = 62911C89199D021D0032827F /* Foundation.framework */; };
		62911CAB199D021D0032827F /* UIKit.framework in Frameworks */ = {isa = PBXBuildFile; fileRef = 62911C8D199D021D0032827F /* UIKit.framework */; };
		62911CB3199D021D0032827F /* InfoPlist.strings in Resources */ = {isa = PBXBuildFile; fileRef = 62911CB1199D021D0032827F /* InfoPlist.strings */; };
		62911CB5199D021D0032827F /* ImageCropperTests.m in Sources */ = {isa = PBXBuildFile; fileRef = 62911CB4199D021D0032827F /* ImageCropperTests.m */; };
		62911CCB199D04580032827F /* cropView.m in Sources */ = {isa = PBXBuildFile; fileRef = 62911CC9199D04580032827F /* cropView.m */; };
		62911CD0199D0CC00032827F /* cat-and-dog-2.jpg in Resources */ = {isa = PBXBuildFile; fileRef = 62911CCF199D0CC00032827F /* cat-and-dog-2.jpg */; };
		62911CD3199D12D70032827F /* ImageCropController.m in Sources */ = {isa = PBXBuildFile; fileRef = 62911CD2199D12D70032827F /* ImageCropController.m */; };
/* End PBXBuildFile section */

/* Begin PBXContainerItemProxy section */
		62911CAC199D021D0032827F /* PBXContainerItemProxy */ = {
			isa = PBXContainerItemProxy;
			containerPortal = 62911C7E199D021D0032827F /* Project object */;
			proxyType = 1;
			remoteGlobalIDString = 62911C85199D021D0032827F;
			remoteInfo = ImageCropper;
		};
/* End PBXContainerItemProxy section */

/* Begin PBXFileReference section */
		628F93A3199E6167009EDE38 /* Backgroundimage.jpeg */ = {isa = PBXFileReference; lastKnownFileType = image.jpeg; path = Backgroundimage.jpeg; sourceTree = "<group>"; };
		62911C86199D021D0032827F /* ImageCropper.app */ = {isa = PBXFileReference; explicitFileType = wrapper.application; includeInIndex = 0; path = ImageCropper.app; sourceTree = BUILT_PRODUCTS_DIR; };
		62911C89199D021D0032827F /* Foundation.framework */ = {isa = PBXFileReference; lastKnownFileType = wrapper.framework; name = Foundation.framework; path = System/Library/Frameworks/Foundation.framework; sourceTree = SDKROOT; };
		62911C8B199D021D0032827F /* CoreGraphics.framework */ = {isa = PBXFileReference; lastKnownFileType = wrapper.framework; name = CoreGraphics.framework; path = System/Library/Frameworks/CoreGraphics.framework; sourceTree = SDKROOT; };
		62911C8D199D021D0032827F /* UIKit.framework */ = {isa = PBXFileReference; lastKnownFileType = wrapper.framework; name = UIKit.framework; path = System/Library/Frameworks/UIKit.framework; sourceTree = SDKROOT; };
		62911C91199D021D0032827F /* ImageCropper-Info.plist */ = {isa = PBXFileReference; lastKnownFileType = text.plist.xml; path = "ImageCropper-Info.plist"; sourceTree = "<group>"; };
		62911C93199D021D0032827F /* en */ = {isa = PBXFileReference; lastKnownFileType = text.plist.strings; name = en; path = en.lproj/InfoPlist.strings; sourceTree = "<group>"; };
		62911C95199D021D0032827F /* main.m */ = {isa = PBXFileReference; lastKnownFileType = sourcecode.c.objc; path = main.m; sourceTree = "<group>"; };
		62911C97199D021D0032827F /* ImageCropper-Prefix.pch */ = {isa = PBXFileReference; lastKnownFileType = sourcecode.c.h; path = "ImageCropper-Prefix.pch"; sourceTree = "<group>"; };
		62911C98199D021D0032827F /* AppDelegate.h */ = {isa = PBXFileReference; lastKnownFileType = sourcecode.c.h; path = AppDelegate.h; sourceTree = "<group>"; };
		62911C99199D021D0032827F /* AppDelegate.m */ = {isa = PBXFileReference; lastKnownFileType = sourcecode.c.objc; path = AppDelegate.m; sourceTree = "<group>"; };
		62911C9C199D021D0032827F /* Base */ = {isa = PBXFileReference; lastKnownFileType = file.storyboard; name = Base; path = Base.lproj/Main.storyboard; sourceTree = "<group>"; };
		62911C9E199D021D0032827F /* ViewController.h */ = {isa = PBXFileReference; lastKnownFileType = sourcecode.c.h; path = ViewController.h; sourceTree = "<group>"; };
		62911C9F199D021D0032827F /* ViewController.m */ = {isa = PBXFileReference; lastKnownFileType = sourcecode.c.objc; path = ViewController.m; sourceTree = "<group>"; };
		62911CA1199D021D0032827F /* Images.xcassets */ = {isa = PBXFileReference; lastKnownFileType = folder.assetcatalog; path = Images.xcassets; sourceTree = "<group>"; };
		62911CA7199D021D0032827F /* ImageCropperTests.xctest */ = {isa = PBXFileReference; explicitFileType = wrapper.cfbundle; includeInIndex = 0; path = ImageCropperTests.xctest; sourceTree = BUILT_PRODUCTS_DIR; };
		62911CA8199D021D0032827F /* XCTest.framework */ = {isa = PBXFileReference; lastKnownFileType = wrapper.framework; name = XCTest.framework; path = Library/Frameworks/XCTest.framework; sourceTree = DEVELOPER_DIR; };
		62911CB0199D021D0032827F /* ImageCropperTests-Info.plist */ = {isa = PBXFileReference; lastKnownFileType = text.plist.xml; path = "ImageCropperTests-Info.plist"; sourceTree = "<group>"; };
		62911CB2199D021D0032827F /* en */ = {isa = PBXFileReference; lastKnownFileType = text.plist.strings; name = en; path = en.lproj/InfoPlist.strings; sourceTree = "<group>"; };
		62911CB4199D021D0032827F /* ImageCropperTests.m */ = {isa = PBXFileReference; lastKnownFileType = sourcecode.c.objc; path = ImageCropperTests.m; sourceTree = "<group>"; };
		62911CC8199D04580032827F /* cropView.h */ = {isa = PBXFileReference; fileEncoding = 4; lastKnownFileType = sourcecode.c.h; path = cropView.h; sourceTree = "<group>"; };
		62911CC9199D04580032827F /* cropView.m */ = {isa = PBXFileReference; fileEncoding = 4; lastKnownFileType = sourcecode.c.objc; path = cropView.m; sourceTree = "<group>"; };
		62911CCF199D0CC00032827F /* cat-and-dog-2.jpg */ = {isa = PBXFileReference; lastKnownFileType = image.jpeg; path = "cat-and-dog-2.jpg"; sourceTree = "<group>"; };
		62911CD1199D12D70032827F /* ImageCropController.h */ = {isa = PBXFileReference; fileEncoding = 4; lastKnownFileType = sourcecode.c.h; path = ImageCropController.h; sourceTree = "<group>"; };
		62911CD2199D12D70032827F /* ImageCropController.m */ = {isa = PBXFileReference; fileEncoding = 4; lastKnownFileType = sourcecode.c.objc; path = ImageCropController.m; sourceTree = "<group>"; };
/* End PBXFileReference section */

/* Begin PBXFrameworksBuildPhase section */
		62911C83199D021D0032827F /* Frameworks */ = {
			isa = PBXFrameworksBuildPhase;
			buildActionMask = 2147483647;
			files = (
				62911C8C199D021D0032827F /* CoreGraphics.framework in Frameworks */,
				62911C8E199D021D0032827F /* UIKit.framework in Frameworks */,
				62911C8A199D021D0032827F /* Foundation.framework in Frameworks */,
			);
			runOnlyForDeploymentPostprocessing = 0;
		};
		62911CA4199D021D0032827F /* Frameworks */ = {
			isa = PBXFrameworksBuildPhase;
			buildActionMask = 2147483647;
			files = (
				62911CA9199D021D0032827F /* XCTest.framework in Frameworks */,
				62911CAB199D021D0032827F /* UIKit.framework in Frameworks */,
				62911CAA199D021D0032827F /* Foundation.framework in Frameworks */,
			);
			runOnlyForDeploymentPostprocessing = 0;
		};
/* End PBXFrameworksBuildPhase section */

/* Begin PBXGroup section */
		62911C7D199D021D0032827F = {
			isa = PBXGroup;
			children = (
				62911C8F199D021D0032827F /* ImageCropper */,
				62911CAE199D021D0032827F /* ImageCropperTests */,
				62911C88199D021D0032827F /* Frameworks */,
				62911C87199D021D0032827F /* Products */,
			);
			sourceTree = "<group>";
		};
		62911C87199D021D0032827F /* Products */ = {
			isa = PBXGroup;
			children = (
				62911C86199D021D0032827F /* ImageCropper.app */,
				62911CA7199D021D0032827F /* ImageCropperTests.xctest */,
			);
			name = Products;
			sourceTree = "<group>";
		};
		62911C88199D021D0032827F /* Frameworks */ = {
			isa = PBXGroup;
			children = (
				62911C89199D021D0032827F /* Foundation.framework */,
				62911C8B199D021D0032827F /* CoreGraphics.framework */,
				62911C8D199D021D0032827F /* UIKit.framework */,
				62911CA8199D021D0032827F /* XCTest.framework */,
			);
			name = Frameworks;
			sourceTree = "<group>";
		};
		62911C8F199D021D0032827F /* ImageCropper */ = {
			isa = PBXGroup;
			children = (
				62911C98199D021D0032827F /* AppDelegate.h */,
				62911C99199D021D0032827F /* AppDelegate.m */,
				62911C9B199D021D0032827F /* Main.storyboard */,
				62911C9E199D021D0032827F /* ViewController.h */,
				62911C9F199D021D0032827F /* ViewController.m */,
				62911CC5199D04580032827F /* Lib */,
				62911CA1199D021D0032827F /* Images.xcassets */,
				62911CCE199D0CC00032827F /* Images */,
				62911C90199D021D0032827F /* Supporting Files */,
			);
			path = ImageCropper;
			sourceTree = "<group>";
		};
		62911C90199D021D0032827F /* Supporting Files */ = {
			isa = PBXGroup;
			children = (
				62911C91199D021D0032827F /* ImageCropper-Info.plist */,
				62911C92199D021D0032827F /* InfoPlist.strings */,
				62911C95199D021D0032827F /* main.m */,
				62911C97199D021D0032827F /* ImageCropper-Prefix.pch */,
			);
			name = "Supporting Files";
			sourceTree = "<group>";
		};
		62911CAE199D021D0032827F /* ImageCropperTests */ = {
			isa = PBXGroup;
			children = (
				62911CB4199D021D0032827F /* ImageCropperTests.m */,
				62911CAF199D021D0032827F /* Supporting Files */,
			);
			path = ImageCropperTests;
			sourceTree = "<group>";
		};
		62911CAF199D021D0032827F /* Supporting Files */ = {
			isa = PBXGroup;
			children = (
				62911CB0199D021D0032827F /* ImageCropperTests-Info.plist */,
				62911CB1199D021D0032827F /* InfoPlist.strings */,
			);
			name = "Supporting Files";
			sourceTree = "<group>";
		};
		62911CC5199D04580032827F /* Lib */ = {
			isa = PBXGroup;
			children = (
				62911CC8199D04580032827F /* cropView.h */,
				62911CC9199D04580032827F /* cropView.m */,
				62911CD1199D12D70032827F /* ImageCropController.h */,
				62911CD2199D12D70032827F /* ImageCropController.m */,
			);
			path = Lib;
			sourceTree = "<group>";
		};
		62911CCE199D0CC00032827F /* Images */ = {
			isa = PBXGroup;
			children = (
				628F93A3199E6167009EDE38 /* Backgroundimage.jpeg */,
				62911CCF199D0CC00032827F /* cat-and-dog-2.jpg */,
			);
			path = Images;
			sourceTree = "<group>";
		};
/* End PBXGroup section */

/* Begin PBXNativeTarget section */
		62911C85199D021D0032827F /* ImageCropper */ = {
			isa = PBXNativeTarget;
			buildConfigurationList = 62911CB8199D021D0032827F /* Build configuration list for PBXNativeTarget "ImageCropper" */;
			buildPhases = (
				62911C82199D021D0032827F /* Sources */,
				62911C83199D021D0032827F /* Frameworks */,
				62911C84199D021D0032827F /* Resources */,
			);
			buildRules = (
			);
			dependencies = (
			);
			name = ImageCropper;
			productName = ImageCropper;
			productReference = 62911C86199D021D0032827F /* ImageCropper.app */;
			productType = "com.apple.product-type.application";
		};
		62911CA6199D021D0032827F /* ImageCropperTests */ = {
			isa = PBXNativeTarget;
			buildConfigurationList = 62911CBB199D021D0032827F /* Build configuration list for PBXNativeTarget "ImageCropperTests" */;
			buildPhases = (
				62911CA3199D021D0032827F /* Sources */,
				62911CA4199D021D0032827F /* Frameworks */,
				62911CA5199D021D0032827F /* Resources */,
			);
			buildRules = (
			);
			dependencies = (
				62911CAD199D021D0032827F /* PBXTargetDependency */,
			);
			name = ImageCropperTests;
			productName = ImageCropperTests;
			productReference = 62911CA7199D021D0032827F /* ImageCropperTests.xctest */;
			productType = "com.apple.product-type.bundle.unit-test";
		};
/* End PBXNativeTarget section */

/* Begin PBXProject section */
		62911C7E199D021D0032827F /* Project object */ = {
			isa = PBXProject;
			attributes = {
				LastUpgradeCheck = 0510;
				ORGANIZATIONNAME = "Maitrayee Ghosh";
				TargetAttributes = {
					62911CA6199D021D0032827F = {
						TestTargetID = 62911C85199D021D0032827F;
					};
				};
			};
			buildConfigurationList = 62911C81199D021D0032827F /* Build configuration list for PBXProject "ImageCropper" */;
			compatibilityVersion = "Xcode 3.2";
			developmentRegion = English;
			hasScannedForEncodings = 0;
			knownRegions = (
				en,
				Base,
			);
			mainGroup = 62911C7D199D021D0032827F;
			productRefGroup = 62911C87199D021D0032827F /* Products */;
			projectDirPath = "";
			projectRoot = "";
			targets = (
				62911C85199D021D0032827F /* ImageCropper */,
				62911CA6199D021D0032827F /* ImageCropperTests */,
			);
		};
/* End PBXProject section */

/* Begin PBXResourcesBuildPhase section */
		62911C84199D021D0032827F /* Resources */ = {
			isa = PBXResourcesBuildPhase;
			buildActionMask = 2147483647;
			files = (
				62911CA2199D021D0032827F /* Images.xcassets in Resources */,
				62911C94199D021D0032827F /* InfoPlist.strings in Resources */,
				62911CD0199D0CC00032827F /* cat-and-dog-2.jpg in Resources */,
				628F93A5199E6167009EDE38 /* Backgroundimage.jpeg in Resources */,
				62911C9D199D021D0032827F /* Main.storyboard in Resources */,
			);
			runOnlyForDeploymentPostprocessing = 0;
		};
		62911CA5199D021D0032827F /* Resources */ = {
			isa = PBXResourcesBuildPhase;
			buildActionMask = 2147483647;
			files = (
				62911CB3199D021D0032827F /* InfoPlist.strings in Resources */,
			);
			runOnlyForDeploymentPostprocessing = 0;
		};
/* End PBXResourcesBuildPhase section */

/* Begin PBXSourcesBuildPhase section */
		62911C82199D021D0032827F /* Sources */ = {
			isa = PBXSourcesBuildPhase;
			buildActionMask = 2147483647;
			files = (
				62911CCB199D04580032827F /* cropView.m in Sources */,
				62911CD3199D12D70032827F /* ImageCropController.m in Sources */,
				62911CA0199D021D0032827F /* ViewController.m in Sources */,
				62911C9A199D021D0032827F /* AppDelegate.m in Sources */,
				62911C96199D021D0032827F /* main.m in Sources */,
			);
			runOnlyForDeploymentPostprocessing = 0;
		};
		62911CA3199D021D0032827F /* Sources */ = {
			isa = PBXSourcesBuildPhase;
			buildActionMask = 2147483647;
			files = (
				62911CB5199D021D0032827F /* ImageCropperTests.m in Sources */,
			);
			runOnlyForDeploymentPostprocessing = 0;
		};
/* End PBXSourcesBuildPhase section */

/* Begin PBXTargetDependency section */
		62911CAD199D021D0032827F /* PBXTargetDependency */ = {
			isa = PBXTargetDependency;
			target = 62911C85199D021D0032827F /* ImageCropper */;
			targetProxy = 62911CAC199D021D0032827F /* PBXContainerItemProxy */;
		};
/* End PBXTargetDependency section */

/* Begin PBXVariantGroup section */
		62911C92199D021D0032827F /* InfoPlist.strings */ = {
			isa = PBXVariantGroup;
			children = (
				62911C93199D021D0032827F /* en */,
			);
			name = InfoPlist.strings;
			sourceTree = "<group>";
		};
		62911C9B199D021D0032827F /* Main.storyboard */ = {
			isa = PBXVariantGroup;
			children = (
				62911C9C199D021D0032827F /* Base */,
			);
			name = Main.storyboard;
			sourceTree = "<group>";
		};
		62911CB1199D021D0032827F /* InfoPlist.strings */ = {
			isa = PBXVariantGroup;
			children = (
				62911CB2199D021D0032827F /* en */,
			);
			name = InfoPlist.strings;
			sourceTree = "<group>";
		};
/* End PBXVariantGroup section */

/* Begin XCBuildConfiguration section */
		62911CB6199D021D0032827F /* Debug */ = {
			isa = XCBuildConfiguration;
			buildSettings = {
				ALWAYS_SEARCH_USER_PATHS = NO;
				CLANG_CXX_LANGUAGE_STANDARD = "gnu++0x";
				CLANG_CXX_LIBRARY = "libc++";
				CLANG_ENABLE_MODULES = YES;
				CLANG_ENABLE_OBJC_ARC = YES;
				CLANG_WARN_BOOL_CONVERSION = YES;
				CLANG_WARN_CONSTANT_CONVERSION = YES;
				CLANG_WARN_DIRECT_OBJC_ISA_USAGE = YES_ERROR;
				CLANG_WARN_EMPTY_BODY = YES;
				CLANG_WARN_ENUM_CONVERSION = YES;
				CLANG_WARN_INT_CONVERSION = YES;
				CLANG_WARN_OBJC_ROOT_CLASS = YES_ERROR;
				CLANG_WARN__DUPLICATE_METHOD_MATCH = YES;
				"CODE_SIGN_IDENTITY[sdk=iphoneos*]" = "iPhone Developer";
				COPY_PHASE_STRIP = NO;
				GCC_C_LANGUAGE_STANDARD = gnu99;
				GCC_DYNAMIC_NO_PIC = NO;
				GCC_OPTIMIZATION_LEVEL = 0;
				GCC_PREPROCESSOR_DEFINITIONS = (
					"DEBUG=1",
					"$(inherited)",
				);
				GCC_SYMBOLS_PRIVATE_EXTERN = NO;
				GCC_WARN_64_TO_32_BIT_CONVERSION = YES;
				GCC_WARN_ABOUT_RETURN_TYPE = YES_ERROR;
				GCC_WARN_UNDECLARED_SELECTOR = YES;
				GCC_WARN_UNINITIALIZED_AUTOS = YES_AGGRESSIVE;
				GCC_WARN_UNUSED_FUNCTION = YES;
				GCC_WARN_UNUSED_VARIABLE = YES;
				IPHONEOS_DEPLOYMENT_TARGET = 7.1;
				ONLY_ACTIVE_ARCH = YES;
				SDKROOT = iphoneos;
			};
			name = Debug;
		};
		62911CB7199D021D0032827F /* Release */ = {
			isa = XCBuildConfiguration;
			buildSettings = {
				ALWAYS_SEARCH_USER_PATHS = NO;
				CLANG_CXX_LANGUAGE_STANDARD = "gnu++0x";
				CLANG_CXX_LIBRARY = "libc++";
				CLANG_ENABLE_MODULES = YES;
				CLANG_ENABLE_OBJC_ARC = YES;
				CLANG_WARN_BOOL_CONVERSION = YES;
				CLANG_WARN_CONSTANT_CONVERSION = YES;
				CLANG_WARN_DIRECT_OBJC_ISA_USAGE = YES_ERROR;
				CLANG_WARN_EMPTY_BODY = YES;
				CLANG_WARN_ENUM_CONVERSION = YES;
				CLANG_WARN_INT_CONVERSION = YES;
				CLANG_WARN_OBJC_ROOT_CLASS = YES_ERROR;
				CLANG_WARN__DUPLICATE_METHOD_MATCH = YES;
				"CODE_SIGN_IDENTITY[sdk=iphoneos*]" = "iPhone Developer";
				COPY_PHASE_STRIP = YES;
				ENABLE_NS_ASSERTIONS = NO;
				GCC_C_LANGUAGE_STANDARD = gnu99;
				GCC_WARN_64_TO_32_BIT_CONVERSION = YES;
				GCC_WARN_ABOUT_RETURN_TYPE = YES_ERROR;
				GCC_WARN_UNDECLARED_SELECTOR = YES;
				GCC_WARN_UNINITIALIZED_AUTOS = YES_AGGRESSIVE;
				GCC_WARN_UNUSED_FUNCTION = YES;
				GCC_WARN_UNUSED_VARIABLE = YES;
				IPHONEOS_DEPLOYMENT_TARGET = 7.1;
				SDKROOT = iphoneos;
				VALIDATE_PRODUCT = YES;
			};
			name = Release;
		};
		62911CB9199D021D0032827F /* Debug */ = {
			isa = XCBuildConfiguration;
			buildSettings = {
				ASSETCATALOG_COMPILER_APPICON_NAME = AppIcon;
				ASSETCATALOG_COMPILER_LAUNCHIMAGE_NAME = LaunchImage;
				GCC_PRECOMPILE_PREFIX_HEADER = YES;
				GCC_PREFIX_HEADER = "ImageCropper/ImageCropper-Prefix.pch";
				INFOPLIST_FILE = "ImageCropper/ImageCropper-Info.plist";
				PRODUCT_NAME = "$(TARGET_NAME)";
				WRAPPER_EXTENSION = app;
			};
			name = Debug;
		};
		62911CBA199D021D0032827F /* Release */ = {
			isa = XCBuildConfiguration;
			buildSettings = {
				ASSETCATALOG_COMPILER_APPICON_NAME = AppIcon;
				ASSETCATALOG_COMPILER_LAUNCHIMAGE_NAME = LaunchImage;
				GCC_PRECOMPILE_PREFIX_HEADER = YES;
				GCC_PREFIX_HEADER = "ImageCropper/ImageCropper-Prefix.pch";
				INFOPLIST_FILE = "ImageCropper/ImageCropper-Info.plist";
				PRODUCT_NAME = "$(TARGET_NAME)";
				WRAPPER_EXTENSION = app;
			};
			name = Release;
		};
		62911CBC199D021D0032827F /* Debug */ = {
			isa = XCBuildConfiguration;
			buildSettings = {
				BUNDLE_LOADER = "$(BUILT_PRODUCTS_DIR)/ImageCropper.app/ImageCropper";
				FRAMEWORK_SEARCH_PATHS = (
					"$(SDKROOT)/Developer/Library/Frameworks",
					"$(inherited)",
					"$(DEVELOPER_FRAMEWORKS_DIR)",
				);
				GCC_PRECOMPILE_PREFIX_HEADER = YES;
				GCC_PREFIX_HEADER = "ImageCropper/ImageCropper-Prefix.pch";
				GCC_PREPROCESSOR_DEFINITIONS = (
					"DEBUG=1",
					"$(inherited)",
				);
				INFOPLIST_FILE = "ImageCropperTests/ImageCropperTests-Info.plist";
				PRODUCT_NAME = "$(TARGET_NAME)";
				TEST_HOST = "$(BUNDLE_LOADER)";
				WRAPPER_EXTENSION = xctest;
			};
			name = Debug;
		};
		62911CBD199D021D0032827F /* Release */ = {
			isa = XCBuildConfiguration;
			buildSettings = {
				BUNDLE_LOADER = "$(BUILT_PRODUCTS_DIR)/ImageCropper.app/ImageCropper";
				FRAMEWORK_SEARCH_PATHS = (
					"$(SDKROOT)/Developer/Library/Frameworks",
					"$(inherited)",
					"$(DEVELOPER_FRAMEWORKS_DIR)",
				);
				GCC_PRECOMPILE_PREFIX_HEADER = YES;
				GCC_PREFIX_HEADER = "ImageCropper/ImageCropper-Prefix.pch";
				INFOPLIST_FILE = "ImageCropperTests/ImageCropperTests-Info.plist";
				PRODUCT_NAME = "$(TARGET_NAME)";
				TEST_HOST = "$(BUNDLE_LOADER)";
				WRAPPER_EXTENSION = xctest;
			};
			name = Release;
		};
/* End XCBuildConfiguration section */

/* Begin XCConfigurationList section */
		62911C81199D021D0032827F /* Build configuration list for PBXProject "ImageCropper" */ = {
			isa = XCConfigurationList;
			buildConfigurations = (
				62911CB6199D021D0032827F /* Debug */,
				62911CB7199D021D0032827F /* Release */,
			);
			defaultConfigurationIsVisible = 0;
			defaultConfigurationName = Release;
		};
		62911CB8199D021D0032827F /* Build configuration list for PBXNativeTarget "ImageCropper" */ = {
			isa = XCConfigurationList;
			buildConfigurations = (
				62911CB9199D021D0032827F /* Debug */,
				62911CBA199D021D0032827F /* Release */,
			);
			defaultConfigurationIsVisible = 0;
			defaultConfigurationName = Release;
		};
		62911CBB199D021D0032827F /* Build configuration list for PBXNativeTarget "ImageCropperTests" */ = {
			isa = XCConfigurationList;
			buildConfigurations = (
				62911CBC199D021D0032827F /* Debug */,
				62911CBD199D021D0032827F /* Release */,
			);
			defaultConfigurationIsVisible = 0;
			defaultConfigurationName = Release;
		};
/* End XCConfigurationList section */
	};
	rootObject = 62911C7E199D021D0032827F /* Project object */;
}
